
Microsoft Visual Studio Solution File, Format Version 12.00
# Visual Studio Version 17
VisualStudioVersion = 17.7.34202.233
MinimumVisualStudioVersion = 10.0.40219.1
Project("{FAE04EC0-301F-11D3-BF4B-00C04F79EFBC}") = "BSM.Tecnologia.Commom", "BSM.Tecnologia.Commom.csproj", "{620ABD21-D625-4DED-A164-138A81C67EBE}"
EndProject
Global
	GlobalSection(SolutionConfigurationPlatforms) = preSolution
		Debug|Any CPU = Debug|Any CPU
		Release|Any CPU = Release|Any CPU
	EndGlobalSection
	GlobalSection(ProjectConfigurationPlatforms) = postSolution
		{620ABD21-D625-4DED-A164-138A81C67EBE}.Debug|Any CPU.ActiveCfg = Debug|Any CPU
		{620ABD21-D625-4DED-A164-138A81C67EBE}.Debug|Any CPU.Build.0 = Debug|Any CPU
		{620ABD21-D625-4DED-A164-138A81C67EBE}.Release|Any CPU.ActiveCfg = Release|Any CPU
		{620ABD21-D625-4DED-A164-138A81C67EBE}.Release|Any CPU.Build.0 = Release|Any CPU
	EndGlobalSection
	GlobalSection(SolutionProperties) = preSolution
		HideSolutionNode = FALSE
	EndGlobalSection
	GlobalSection(ExtensibilityGlobals) = postSolution
		SolutionGuid = {2EFDD238-DB6D-4E75-8157-88CBC2009C3D}
	EndGlobalSection
EndGlobal
